
Microsoft Visual Studio Solution File, Format Version 12.00
# Visual Studio Version 16
VisualStudioVersion = 16.6.30114.105
MinimumVisualStudioVersion = 10.0.40219.1
Project("{FAE04EC0-301F-11D3-BF4B-00C04F79EFBC}") = "MauMauSharp", "MauMauSharp\MauMauSharp.csproj", "{AF568A76-D4CD-49BC-9B8F-B9D38E639D84}"
EndProject
Project("{FAE04EC0-301F-11D3-BF4B-00C04F79EFBC}") = "MauMauSharp.Tests", "MauMauSharp.Tests\MauMauSharp.Tests.csproj", "{AA75B5B4-E06D-4596-9607-263409B054CA}"
EndProject
Global
	GlobalSection(SolutionConfigurationPlatforms) = preSolution
		Debug|Any CPU = Debug|Any CPU
		Debug|x64 = Debug|x64
		Debug|x86 = Debug|x86
		Release|Any CPU = Release|Any CPU
		Release|x64 = Release|x64
		Release|x86 = Release|x86
	EndGlobalSection
	GlobalSection(SolutionProperties) = preSolution
		HideSolutionNode = FALSE
	EndGlobalSection
	GlobalSection(ProjectConfigurationPlatforms) = postSolution
		{AF568A76-D4CD-49BC-9B8F-B9D38E639D84}.Debug|Any CPU.ActiveCfg = Debug|Any CPU
		{AF568A76-D4CD-49BC-9B8F-B9D38E639D84}.Debug|Any CPU.Build.0 = Debug|Any CPU
		{AF568A76-D4CD-49BC-9B8F-B9D38E639D84}.Debug|x64.ActiveCfg = Debug|Any CPU
		{AF568A76-D4CD-49BC-9B8F-B9D38E639D84}.Debug|x64.Build.0 = Debug|Any CPU
		{AF568A76-D4CD-49BC-9B8F-B9D38E639D84}.Debug|x86.ActiveCfg = Debug|Any CPU
		{AF568A76-D4CD-49BC-9B8F-B9D38E639D84}.Debug|x86.Build.0 = Debug|Any CPU
		{AF568A76-D4CD-49BC-9B8F-B9D38E639D84}.Release|Any CPU.ActiveCfg = Release|Any CPU
		{AF568A76-D4CD-49BC-9B8F-B9D38E639D84}.Release|Any CPU.Build.0 = Release|Any CPU
		{AF568A76-D4CD-49BC-9B8F-B9D38E639D84}.Release|x64.ActiveCfg = Release|Any CPU
		{AF568A76-D4CD-49BC-9B8F-B9D38E639D84}.Release|x64.Build.0 = Release|Any CPU
		{AF568A76-D4CD-49BC-9B8F-B9D38E639D84}.Release|x86.ActiveCfg = Release|Any CPU
		{AF568A76-D4CD-49BC-9B8F-B9D38E639D84}.Release|x86.Build.0 = Release|Any CPU
		{AA75B5B4-E06D-4596-9607-263409B054CA}.Debug|Any CPU.ActiveCfg = Debug|Any CPU
		{AA75B5B4-E06D-4596-9607-263409B054CA}.Debug|Any CPU.Build.0 = Debug|Any CPU
		{AA75B5B4-E06D-4596-9607-263409B054CA}.Debug|x64.ActiveCfg = Debug|Any CPU
		{AA75B5B4-E06D-4596-9607-263409B054CA}.Debug|x64.Build.0 = Debug|Any CPU
		{AA75B5B4-E06D-4596-9607-263409B054CA}.Debug|x86.ActiveCfg = Debug|Any CPU
		{AA75B5B4-E06D-4596-9607-263409B054CA}.Debug|x86.Build.0 = Debug|Any CPU
		{AA75B5B4-E06D-4596-9607-263409B054CA}.Release|Any CPU.ActiveCfg = Release|Any CPU
		{AA75B5B4-E06D-4596-9607-263409B054CA}.Release|Any CPU.Build.0 = Release|Any CPU
		{AA75B5B4-E06D-4596-9607-263409B054CA}.Release|x64.ActiveCfg = Release|Any CPU
		{AA75B5B4-E06D-4596-9607-263409B054CA}.Release|x64.Build.0 = Release|Any CPU
		{AA75B5B4-E06D-4596-9607-263409B054CA}.Release|x86.ActiveCfg = Release|Any CPU
		{AA75B5B4-E06D-4596-9607-263409B054CA}.Release|x86.Build.0 = Release|Any CPU
	EndGlobalSection
EndGlobal
